// !$*UTF8*$!
{
	archiveVersion = 1;
	classes = {
	};
	objectVersion = 48;
	objects = {

/* Begin PBXBuildFile section */
		3902A2342A690B3A004F585C /* YCMenuView.m in Sources */ = {isa = PBXBuildFile; fileRef = 3902A2332A690B3A004F585C /* YCMenuView.m */; };
		C76D2CE8202D3CCC000A3B71 /* AppDelegate.m in Sources */ = {isa = PBXBuildFile; fileRef = C76D2CE7202D3CCC000A3B71 /* AppDelegate.m */; };
		C76D2CEB202D3CCC000A3B71 /* ViewController.m in Sources */ = {isa = PBXBuildFile; fileRef = C76D2CEA202D3CCC000A3B71 /* ViewController.m */; };
		C76D2CEE202D3CCC000A3B71 /* Main.storyboard in Resources */ = {isa = PBXBuildFile; fileRef = C76D2CEC202D3CCC000A3B71 /* Main.storyboard */; };
		C76D2CF0202D3CCC000A3B71 /* Assets.xcassets in Resources */ = {isa = PBXBuildFile; fileRef = C76D2CEF202D3CCC000A3B71 /* Assets.xcassets */; };
		C76D2CF3202D3CCC000A3B71 /* LaunchScreen.storyboard in Resources */ = {isa = PBXBuildFile; fileRef = C76D2CF1202D3CCC000A3B71 /* LaunchScreen.storyboard */; };
		C76D2CF6202D3CCC000A3B71 /* main.m in Sources */ = {isa = PBXBuildFile; fileRef = C76D2CF5202D3CCC000A3B71 /* main.m */; };
		C76D2D41202D8F76000A3B71 /* ZBButton.m in Sources */ = {isa = PBXBuildFile; fileRef = C76D2D22202D8F76000A3B71 /* ZBButton.m */; };
		C76D2D42202D8F76000A3B71 /* ZBDownMenuView.m in Sources */ = {isa = PBXBuildFile; fileRef = C76D2D23202D8F76000A3B71 /* ZBDownMenuView.m */; };
		C76D2D43202D8F76000A3B71 /* 天蓝箭头@3x.png in Resources */ = {isa = PBXBuildFile; fileRef = C76D2D27202D8F76000A3B71 /* 天蓝箭头@3x.png */; };
		C76D2D44202D8F76000A3B71 /* 深蓝箭头@3x.png in Resources */ = {isa = PBXBuildFile; fileRef = C76D2D28202D8F76000A3B71 /* 深蓝箭头@3x.png */; };
		C76D2D45202D8F76000A3B71 /* 红箭头@2x.png in Resources */ = {isa = PBXBuildFile; fileRef = C76D2D29202D8F76000A3B71 /* 红箭头@2x.png */; };
		C76D2D46202D8F76000A3B71 /* 红箭头@3x.png in Resources */ = {isa = PBXBuildFile; fileRef = C76D2D2A202D8F76000A3B71 /* 红箭头@3x.png */; };
		C76D2D47202D8F76000A3B71 /* 深蓝箭头@2x.png in Resources */ = {isa = PBXBuildFile; fileRef = C76D2D2B202D8F76000A3B71 /* 深蓝箭头@2x.png */; };
		C76D2D48202D8F76000A3B71 /* 天蓝箭头@2x.png in Resources */ = {isa = PBXBuildFile; fileRef = C76D2D2C202D8F76000A3B71 /* 天蓝箭头@2x.png */; };
		C76D2D49202D8F76000A3B71 /* 橙箭头@3x.png in Resources */ = {isa = PBXBuildFile; fileRef = C76D2D2D202D8F76000A3B71 /* 橙箭头@3x.png */; };
		C76D2D4A202D8F76000A3B71 /* 黄箭头@2x.png in Resources */ = {isa = PBXBuildFile; fileRef = C76D2D2E202D8F76000A3B71 /* 黄箭头@2x.png */; };
		C76D2D4B202D8F76000A3B71 /* 紫箭头@2x.png in Resources */ = {isa = PBXBuildFile; fileRef = C76D2D2F202D8F76000A3B71 /* 紫箭头@2x.png */; };
		C76D2D4C202D8F76000A3B71 /* 紫箭头@3x.png in Resources */ = {isa = PBXBuildFile; fileRef = C76D2D30202D8F76000A3B71 /* 紫箭头@3x.png */; };
		C76D2D4D202D8F76000A3B71 /* 黄箭头@3x.png in Resources */ = {isa = PBXBuildFile; fileRef = C76D2D31202D8F76000A3B71 /* 黄箭头@3x.png */; };
		C76D2D4E202D8F76000A3B71 /* 橙箭头@2x.png in Resources */ = {isa = PBXBuildFile; fileRef = C76D2D32202D8F76000A3B71 /* 橙箭头@2x.png */; };
		C76D2D4F202D8F76000A3B71 /* 绿箭头@3x.png in Resources */ = {isa = PBXBuildFile; fileRef = C76D2D33202D8F76000A3B71 /* 绿箭头@3x.png */; };
		C76D2D50202D8F76000A3B71 /* 深灰箭头@3x.png in Resources */ = {isa = PBXBuildFile; fileRef = C76D2D34202D8F76000A3B71 /* 深灰箭头@3x.png */; };
		C76D2D51202D8F76000A3B71 /* 白箭头@2x.png in Resources */ = {isa = PBXBuildFile; fileRef = C76D2D35202D8F76000A3B71 /* 白箭头@2x.png */; };
		C76D2D52202D8F76000A3B71 /* 粉箭头@3x.png in Resources */ = {isa = PBXBuildFile; fileRef = C76D2D36202D8F76000A3B71 /* 粉箭头@3x.png */; };
		C76D2D53202D8F76000A3B71 /* 粉箭头@2x.png in Resources */ = {isa = PBXBuildFile; fileRef = C76D2D37202D8F76000A3B71 /* 粉箭头@2x.png */; };
		C76D2D54202D8F76000A3B71 /* 深灰箭头@2x.png in Resources */ = {isa = PBXBuildFile; fileRef = C76D2D38202D8F76000A3B71 /* 深灰箭头@2x.png */; };
		C76D2D55202D8F76000A3B71 /* 白箭头@3x.png in Resources */ = {isa = PBXBuildFile; fileRef = C76D2D39202D8F76000A3B71 /* 白箭头@3x.png */; };
		C76D2D56202D8F76000A3B71 /* 绿箭头@2x.png in Resources */ = {isa = PBXBuildFile; fileRef = C76D2D3A202D8F76000A3B71 /* 绿箭头@2x.png */; };
		C76D2D57202D8F76000A3B71 /* 灰箭头@3x.png in Resources */ = {isa = PBXBuildFile; fileRef = C76D2D3B202D8F76000A3B71 /* 灰箭头@3x.png */; };
		C76D2D58202D8F76000A3B71 /* 深绿箭头@3x.png in Resources */ = {isa = PBXBuildFile; fileRef = C76D2D3C202D8F76000A3B71 /* 深绿箭头@3x.png */; };
		C76D2D59202D8F76000A3B71 /* 淡紫箭头@3x.png in Resources */ = {isa = PBXBuildFile; fileRef = C76D2D3D202D8F76000A3B71 /* 淡紫箭头@3x.png */; };
		C76D2D5A202D8F76000A3B71 /* 淡紫箭头@2x.png in Resources */ = {isa = PBXBuildFile; fileRef = C76D2D3E202D8F76000A3B71 /* 淡紫箭头@2x.png */; };
		C76D2D5B202D8F76000A3B71 /* 深绿箭头@2x.png in Resources */ = {isa = PBXBuildFile; fileRef = C76D2D3F202D8F76000A3B71 /* 深绿箭头@2x.png */; };
		C76D2D5C202D8F76000A3B71 /* 灰箭头@2x.png in Resources */ = {isa = PBXBuildFile; fileRef = C76D2D40202D8F76000A3B71 /* 灰箭头@2x.png */; };
/* End PBXBuildFile section */

/* Begin PBXFileReference section */
		3902A2322A690B3A004F585C /* YCMenuView.h */ = {isa = PBXFileReference; fileEncoding = 4; lastKnownFileType = sourcecode.c.h; path = YCMenuView.h; sourceTree = "<group>"; };
		3902A2332A690B3A004F585C /* YCMenuView.m */ = {isa = PBXFileReference; fileEncoding = 4; lastKnownFileType = sourcecode.c.objc; path = YCMenuView.m; sourceTree = "<group>"; };
		C76D2CE3202D3CCC000A3B71 /* ZBDownMenuView.app */ = {isa = PBXFileReference; explicitFileType = wrapper.application; includeInIndex = 0; path = ZBDownMenuView.app; sourceTree = BUILT_PRODUCTS_DIR; };
		C76D2CE6202D3CCC000A3B71 /* AppDelegate.h */ = {isa = PBXFileReference; lastKnownFileType = sourcecode.c.h; path = AppDelegate.h; sourceTree = "<group>"; };
		C76D2CE7202D3CCC000A3B71 /* AppDelegate.m */ = {isa = PBXFileReference; lastKnownFileType = sourcecode.c.objc; path = AppDelegate.m; sourceTree = "<group>"; };
		C76D2CE9202D3CCC000A3B71 /* ViewController.h */ = {isa = PBXFileReference; lastKnownFileType = sourcecode.c.h; path = ViewController.h; sourceTree = "<group>"; };
		C76D2CEA202D3CCC000A3B71 /* ViewController.m */ = {isa = PBXFileReference; lastKnownFileType = sourcecode.c.objc; path = ViewController.m; sourceTree = "<group>"; };
		C76D2CED202D3CCC000A3B71 /* Base */ = {isa = PBXFileReference; lastKnownFileType = file.storyboard; name = Base; path = Base.lproj/Main.storyboard; sourceTree = "<group>"; };
		C76D2CEF202D3CCC000A3B71 /* Assets.xcassets */ = {isa = PBXFileReference; lastKnownFileType = folder.assetcatalog; path = Assets.xcassets; sourceTree = "<group>"; };
		C76D2CF2202D3CCC000A3B71 /* Base */ = {isa = PBXFileReference; lastKnownFileType = file.storyboard; name = Base; path = Base.lproj/LaunchScreen.storyboard; sourceTree = "<group>"; };
		C76D2CF4202D3CCC000A3B71 /* Info.plist */ = {isa = PBXFileReference; lastKnownFileType = text.plist.xml; path = Info.plist; sourceTree = "<group>"; };
		C76D2CF5202D3CCC000A3B71 /* main.m */ = {isa = PBXFileReference; lastKnownFileType = sourcecode.c.objc; path = main.m; sourceTree = "<group>"; };
		C76D2D22202D8F76000A3B71 /* ZBButton.m */ = {isa = PBXFileReference; fileEncoding = 4; lastKnownFileType = sourcecode.c.objc; path = ZBButton.m; sourceTree = "<group>"; };
		C76D2D23202D8F76000A3B71 /* ZBDownMenuView.m */ = {isa = PBXFileReference; fileEncoding = 4; lastKnownFileType = sourcecode.c.objc; path = ZBDownMenuView.m; sourceTree = "<group>"; };
		C76D2D24202D8F76000A3B71 /* ZBDownMenuView.h */ = {isa = PBXFileReference; fileEncoding = 4; lastKnownFileType = sourcecode.c.h; path = ZBDownMenuView.h; sourceTree = "<group>"; };
		C76D2D25202D8F76000A3B71 /* ZBButton.h */ = {isa = PBXFileReference; fileEncoding = 4; lastKnownFileType = sourcecode.c.h; path = ZBButton.h; sourceTree = "<group>"; };
		C76D2D27202D8F76000A3B71 /* 天蓝箭头@3x.png */ = {isa = PBXFileReference; lastKnownFileType = image.png; path = "天蓝箭头@3x.png"; sourceTree = "<group>"; };
		C76D2D28202D8F76000A3B71 /* 深蓝箭头@3x.png */ = {isa = PBXFileReference; lastKnownFileType = image.png; path = "深蓝箭头@3x.png"; sourceTree = "<group>"; };
		C76D2D29202D8F76000A3B71 /* 红箭头@2x.png */ = {isa = PBXFileReference; lastKnownFileType = image.png; path = "红箭头@2x.png"; sourceTree = "<group>"; };
		C76D2D2A202D8F76000A3B71 /* 红箭头@3x.png */ = {isa = PBXFileReference; lastKnownFileType = image.png; path = "红箭头@3x.png"; sourceTree = "<group>"; };
		C76D2D2B202D8F76000A3B71 /* 深蓝箭头@2x.png */ = {isa = PBXFileReference; lastKnownFileType = image.png; path = "深蓝箭头@2x.png"; sourceTree = "<group>"; };
		C76D2D2C202D8F76000A3B71 /* 天蓝箭头@2x.png */ = {isa = PBXFileReference; lastKnownFileType = image.png; path = "天蓝箭头@2x.png"; sourceTree = "<group>"; };
		C76D2D2D202D8F76000A3B71 /* 橙箭头@3x.png */ = {isa = PBXFileReference; lastKnownFileType = image.png; path = "橙箭头@3x.png"; sourceTree = "<group>"; };
		C76D2D2E202D8F76000A3B71 /* 黄箭头@2x.png */ = {isa = PBXFileReference; lastKnownFileType = image.png; path = "黄箭头@2x.png"; sourceTree = "<group>"; };
		C76D2D2F202D8F76000A3B71 /* 紫箭头@2x.png */ = {isa = PBXFileReference; lastKnownFileType = image.png; path = "紫箭头@2x.png"; sourceTree = "<group>"; };
		C76D2D30202D8F76000A3B71 /* 紫箭头@3x.png */ = {isa = PBXFileReference; lastKnownFileType = image.png; path = "紫箭头@3x.png"; sourceTree = "<group>"; };
		C76D2D31202D8F76000A3B71 /* 黄箭头@3x.png */ = {isa = PBXFileReference; lastKnownFileType = image.png; path = "黄箭头@3x.png"; sourceTree = "<group>"; };
		C76D2D32202D8F76000A3B71 /* 橙箭头@2x.png */ = {isa = PBXFileReference; lastKnownFileType = image.png; path = "橙箭头@2x.png"; sourceTree = "<group>"; };
		C76D2D33202D8F76000A3B71 /* 绿箭头@3x.png */ = {isa = PBXFileReference; lastKnownFileType = image.png; path = "绿箭头@3x.png"; sourceTree = "<group>"; };
		C76D2D34202D8F76000A3B71 /* 深灰箭头@3x.png */ = {isa = PBXFileReference; lastKnownFileType = image.png; path = "深灰箭头@3x.png"; sourceTree = "<group>"; };
		C76D2D35202D8F76000A3B71 /* 白箭头@2x.png */ = {isa = PBXFileReference; lastKnownFileType = image.png; path = "白箭头@2x.png"; sourceTree = "<group>"; };
		C76D2D36202D8F76000A3B71 /* 粉箭头@3x.png */ = {isa = PBXFileReference; lastKnownFileType = image.png; path = "粉箭头@3x.png"; sourceTree = "<group>"; };
		C76D2D37202D8F76000A3B71 /* 粉箭头@2x.png */ = {isa = PBXFileReference; lastKnownFileType = image.png; path = "粉箭头@2x.png"; sourceTree = "<group>"; };
		C76D2D38202D8F76000A3B71 /* 深灰箭头@2x.png */ = {isa = PBXFileReference; lastKnownFileType = image.png; path = "深灰箭头@2x.png"; sourceTree = "<group>"; };
		C76D2D39202D8F76000A3B71 /* 白箭头@3x.png */ = {isa = PBXFileReference; lastKnownFileType = image.png; path = "白箭头@3x.png"; sourceTree = "<group>"; };
		C76D2D3A202D8F76000A3B71 /* 绿箭头@2x.png */ = {isa = PBXFileReference; lastKnownFileType = image.png; path = "绿箭头@2x.png"; sourceTree = "<group>"; };
		C76D2D3B202D8F76000A3B71 /* 灰箭头@3x.png */ = {isa = PBXFileReference; lastKnownFileType = image.png; path = "灰箭头@3x.png"; sourceTree = "<group>"; };
		C76D2D3C202D8F76000A3B71 /* 深绿箭头@3x.png */ = {isa = PBXFileReference; lastKnownFileType = image.png; path = "深绿箭头@3x.png"; sourceTree = "<group>"; };
		C76D2D3D202D8F76000A3B71 /* 淡紫箭头@3x.png */ = {isa = PBXFileReference; lastKnownFileType = image.png; path = "淡紫箭头@3x.png"; sourceTree = "<group>"; };
		C76D2D3E202D8F76000A3B71 /* 淡紫箭头@2x.png */ = {isa = PBXFileReference; lastKnownFileType = image.png; path = "淡紫箭头@2x.png"; sourceTree = "<group>"; };
		C76D2D3F202D8F76000A3B71 /* 深绿箭头@2x.png */ = {isa = PBXFileReference; lastKnownFileType = image.png; path = "深绿箭头@2x.png"; sourceTree = "<group>"; };
		C76D2D40202D8F76000A3B71 /* 灰箭头@2x.png */ = {isa = PBXFileReference; lastKnownFileType = image.png; path = "灰箭头@2x.png"; sourceTree = "<group>"; };
/* End PBXFileReference section */

/* Begin PBXFrameworksBuildPhase section */
		C76D2CE0202D3CCC000A3B71 /* Frameworks */ = {
			isa = PBXFrameworksBuildPhase;
			buildActionMask = 2147483647;
			files = (
			);
			runOnlyForDeploymentPostprocessing = 0;
		};
/* End PBXFrameworksBuildPhase section */

/* Begin PBXGroup section */
		3902A2312A690B3A004F585C /* YCMenuView */ = {
			isa = PBXGroup;
			children = (
				3902A2322A690B3A004F585C /* YCMenuView.h */,
				3902A2332A690B3A004F585C /* YCMenuView.m */,
			);
			path = YCMenuView;
			sourceTree = "<group>";
		};
		C76D2CDA202D3CCC000A3B71 = {
			isa = PBXGroup;
			children = (
				C76D2CE5202D3CCC000A3B71 /* ZBDownMenuView */,
				C76D2CE4202D3CCC000A3B71 /* Products */,
			);
			sourceTree = "<group>";
		};
		C76D2CE4202D3CCC000A3B71 /* Products */ = {
			isa = PBXGroup;
			children = (
				C76D2CE3202D3CCC000A3B71 /* ZBDownMenuView.app */,
			);
			name = Products;
			sourceTree = "<group>";
		};
		C76D2CE5202D3CCC000A3B71 /* ZBDownMenuView */ = {
			isa = PBXGroup;
			children = (
				C76D2D0A202D3F1D000A3B71 /* ZBDownMenuView */,
				C76D2CE6202D3CCC000A3B71 /* AppDelegate.h */,
				C76D2CE7202D3CCC000A3B71 /* AppDelegate.m */,
				C76D2CE9202D3CCC000A3B71 /* ViewController.h */,
				C76D2CEA202D3CCC000A3B71 /* ViewController.m */,
				3902A2312A690B3A004F585C /* YCMenuView */,
				C76D2CEC202D3CCC000A3B71 /* Main.storyboard */,
				C76D2CEF202D3CCC000A3B71 /* Assets.xcassets */,
				C76D2CF1202D3CCC000A3B71 /* LaunchScreen.storyboard */,
				C76D2CF4202D3CCC000A3B71 /* Info.plist */,
				C76D2CF5202D3CCC000A3B71 /* main.m */,
			);
			path = ZBDownMenuView;
			sourceTree = "<group>";
		};
		C76D2D0A202D3F1D000A3B71 /* ZBDownMenuView */ = {
			isa = PBXGroup;
			children = (
				C76D2D26202D8F76000A3B71 /* images */,
				C76D2D25202D8F76000A3B71 /* ZBButton.h */,
				C76D2D22202D8F76000A3B71 /* ZBButton.m */,
				C76D2D24202D8F76000A3B71 /* ZBDownMenuView.h */,
				C76D2D23202D8F76000A3B71 /* ZBDownMenuView.m */,
			);
			path = ZBDownMenuView;
			sourceTree = "<group>";
		};
		C76D2D26202D8F76000A3B71 /* images */ = {
			isa = PBXGroup;
			children = (
				C76D2D27202D8F76000A3B71 /* 天蓝箭头@3x.png */,
				C76D2D28202D8F76000A3B71 /* 深蓝箭头@3x.png */,
				C76D2D29202D8F76000A3B71 /* 红箭头@2x.png */,
				C76D2D2A202D8F76000A3B71 /* 红箭头@3x.png */,
				C76D2D2B202D8F76000A3B71 /* 深蓝箭头@2x.png */,
				C76D2D2C202D8F76000A3B71 /* 天蓝箭头@2x.png */,
				C76D2D2D202D8F76000A3B71 /* 橙箭头@3x.png */,
				C76D2D2E202D8F76000A3B71 /* 黄箭头@2x.png */,
				C76D2D2F202D8F76000A3B71 /* 紫箭头@2x.png */,
				C76D2D30202D8F76000A3B71 /* 紫箭头@3x.png */,
				C76D2D31202D8F76000A3B71 /* 黄箭头@3x.png */,
				C76D2D32202D8F76000A3B71 /* 橙箭头@2x.png */,
				C76D2D33202D8F76000A3B71 /* 绿箭头@3x.png */,
				C76D2D34202D8F76000A3B71 /* 深灰箭头@3x.png */,
				C76D2D35202D8F76000A3B71 /* 白箭头@2x.png */,
				C76D2D36202D8F76000A3B71 /* 粉箭头@3x.png */,
				C76D2D37202D8F76000A3B71 /* 粉箭头@2x.png */,
				C76D2D38202D8F76000A3B71 /* 深灰箭头@2x.png */,
				C76D2D39202D8F76000A3B71 /* 白箭头@3x.png */,
				C76D2D3A202D8F76000A3B71 /* 绿箭头@2x.png */,
				C76D2D3B202D8F76000A3B71 /* 灰箭头@3x.png */,
				C76D2D3C202D8F76000A3B71 /* 深绿箭头@3x.png */,
				C76D2D3D202D8F76000A3B71 /* 淡紫箭头@3x.png */,
				C76D2D3E202D8F76000A3B71 /* 淡紫箭头@2x.png */,
				C76D2D3F202D8F76000A3B71 /* 深绿箭头@2x.png */,
				C76D2D40202D8F76000A3B71 /* 灰箭头@2x.png */,
			);
			path = images;
			sourceTree = "<group>";
		};
/* End PBXGroup section */

/* Begin PBXNativeTarget section */
		C76D2CE2202D3CCC000A3B71 /* ZBDownMenuView */ = {
			isa = PBXNativeTarget;
			buildConfigurationList = C76D2CF9202D3CCD000A3B71 /* Build configuration list for PBXNativeTarget "ZBDownMenuView" */;
			buildPhases = (
				C76D2CDF202D3CCC000A3B71 /* Sources */,
				C76D2CE0202D3CCC000A3B71 /* Frameworks */,
				C76D2CE1202D3CCC000A3B71 /* Resources */,
			);
			buildRules = (
			);
			dependencies = (
			);
			name = ZBDownMenuView;
			productName = ZBDownMenuView;
			productReference = C76D2CE3202D3CCC000A3B71 /* ZBDownMenuView.app */;
			productType = "com.apple.product-type.application";
		};
/* End PBXNativeTarget section */

/* Begin PBXProject section */
		C76D2CDB202D3CCC000A3B71 /* Project object */ = {
			isa = PBXProject;
			attributes = {
				LastUpgradeCheck = 0920;
				ORGANIZATIONNAME = "周博";
				TargetAttributes = {
					C76D2CE2202D3CCC000A3B71 = {
						CreatedOnToolsVersion = 9.2;
						ProvisioningStyle = Automatic;
					};
				};
			};
			buildConfigurationList = C76D2CDE202D3CCC000A3B71 /* Build configuration list for PBXProject "ZBDownMenuView" */;
			compatibilityVersion = "Xcode 8.0";
			developmentRegion = en;
			hasScannedForEncodings = 0;
			knownRegions = (
				en,
				Base,
			);
			mainGroup = C76D2CDA202D3CCC000A3B71;
			productRefGroup = C76D2CE4202D3CCC000A3B71 /* Products */;
			projectDirPath = "";
			projectRoot = "";
			targets = (
				C76D2CE2202D3CCC000A3B71 /* ZBDownMenuView */,
			);
		};
/* End PBXProject section */

/* Begin PBXResourcesBuildPhase section */
		C76D2CE1202D3CCC000A3B71 /* Resources */ = {
			isa = PBXResourcesBuildPhase;
			buildActionMask = 2147483647;
			files = (
				C76D2D58202D8F76000A3B71 /* 深绿箭头@3x.png in Resources */,
				C76D2D5B202D8F76000A3B71 /* 深绿箭头@2x.png in Resources */,
				C76D2D43202D8F76000A3B71 /* 天蓝箭头@3x.png in Resources */,
				C76D2D59202D8F76000A3B71 /* 淡紫箭头@3x.png in Resources */,
				C76D2D54202D8F76000A3B71 /* 深灰箭头@2x.png in Resources */,
				C76D2D4E202D8F76000A3B71 /* 橙箭头@2x.png in Resources */,
				C76D2CF3202D3CCC000A3B71 /* LaunchScreen.storyboard in Resources */,
				C76D2D4C202D8F76000A3B71 /* 紫箭头@3x.png in Resources */,
				C76D2D44202D8F76000A3B71 /* 深蓝箭头@3x.png in Resources */,
				C76D2D51202D8F76000A3B71 /* 白箭头@2x.png in Resources */,
				C76D2D4A202D8F76000A3B71 /* 黄箭头@2x.png in Resources */,
				C76D2D4D202D8F76000A3B71 /* 黄箭头@3x.png in Resources */,
				C76D2CF0202D3CCC000A3B71 /* Assets.xcassets in Resources */,
				C76D2D4F202D8F76000A3B71 /* 绿箭头@3x.png in Resources */,
				C76D2D5C202D8F76000A3B71 /* 灰箭头@2x.png in Resources */,
				C76D2D45202D8F76000A3B71 /* 红箭头@2x.png in Resources */,
				C76D2D50202D8F76000A3B71 /* 深灰箭头@3x.png in Resources */,
				C76D2D46202D8F76000A3B71 /* 红箭头@3x.png in Resources */,
				C76D2D56202D8F76000A3B71 /* 绿箭头@2x.png in Resources */,
				C76D2D55202D8F76000A3B71 /* 白箭头@3x.png in Resources */,
				C76D2D4B202D8F76000A3B71 /* 紫箭头@2x.png in Resources */,
				C76D2D57202D8F76000A3B71 /* 灰箭头@3x.png in Resources */,
				C76D2D49202D8F76000A3B71 /* 橙箭头@3x.png in Resources */,
				C76D2CEE202D3CCC000A3B71 /* Main.storyboard in Resources */,
				C76D2D5A202D8F76000A3B71 /* 淡紫箭头@2x.png in Resources */,
				C76D2D48202D8F76000A3B71 /* 天蓝箭头@2x.png in Resources */,
				C76D2D53202D8F76000A3B71 /* 粉箭头@2x.png in Resources */,
				C76D2D47202D8F76000A3B71 /* 深蓝箭头@2x.png in Resources */,
				C76D2D52202D8F76000A3B71 /* 粉箭头@3x.png in Resources */,
			);
			runOnlyForDeploymentPostprocessing = 0;
		};
/* End PBXResourcesBuildPhase section */

/* Begin PBXSourcesBuildPhase section */
		C76D2CDF202D3CCC000A3B71 /* Sources */ = {
			isa = PBXSourcesBuildPhase;
			buildActionMask = 2147483647;
			files = (
				C76D2D42202D8F76000A3B71 /* ZBDownMenuView.m in Sources */,
				C76D2CEB202D3CCC000A3B71 /* ViewController.m in Sources */,
				C76D2D41202D8F76000A3B71 /* ZBButton.m in Sources */,
				C76D2CF6202D3CCC000A3B71 /* main.m in Sources */,
				C76D2CE8202D3CCC000A3B71 /* AppDelegate.m in Sources */,
				3902A2342A690B3A004F585C /* YCMenuView.m in Sources */,
			);
			runOnlyForDeploymentPostprocessing = 0;
		};
/* End PBXSourcesBuildPhase section */

/* Begin PBXVariantGroup section */
		C76D2CEC202D3CCC000A3B71 /* Main.storyboard */ = {
			isa = PBXVariantGroup;
			children = (
				C76D2CED202D3CCC000A3B71 /* Base */,
			);
			name = Main.storyboard;
			sourceTree = "<group>";
		};
		C76D2CF1202D3CCC000A3B71 /* LaunchScreen.storyboard */ = {
			isa = PBXVariantGroup;
			children = (
				C76D2CF2202D3CCC000A3B71 /* Base */,
			);
			name = LaunchScreen.storyboard;
			sourceTree = "<group>";
		};
/* End PBXVariantGroup section */

/* Begin XCBuildConfiguration section */
		C76D2CF7202D3CCD000A3B71 /* Debug */ = {
			isa = XCBuildConfiguration;
			buildSettings = {
				ALWAYS_SEARCH_USER_PATHS = NO;
				CLANG_ANALYZER_NONNULL = YES;
				CLANG_ANALYZER_NUMBER_OBJECT_CONVERSION = YES_AGGRESSIVE;
				CLANG_CXX_LANGUAGE_STANDARD = "gnu++14";
				CLANG_CXX_LIBRARY = "libc++";
				CLANG_ENABLE_MODULES = YES;
				CLANG_ENABLE_OBJC_ARC = YES;
				CLANG_WARN_BLOCK_CAPTURE_AUTORELEASING = YES;
				CLANG_WARN_BOOL_CONVERSION = YES;
				CLANG_WARN_COMMA = YES;
				CLANG_WARN_CONSTANT_CONVERSION = YES;
				CLANG_WARN_DIRECT_OBJC_ISA_USAGE = YES_ERROR;
				CLANG_WARN_DOCUMENTATION_COMMENTS = YES;
				CLANG_WARN_EMPTY_BODY = YES;
				CLANG_WARN_ENUM_CONVERSION = YES;
				CLANG_WARN_INFINITE_RECURSION = YES;
				CLANG_WARN_INT_CONVERSION = YES;
				CLANG_WARN_NON_LITERAL_NULL_CONVERSION = YES;
				CLANG_WARN_OBJC_LITERAL_CONVERSION = YES;
				CLANG_WARN_OBJC_ROOT_CLASS = YES_ERROR;
				CLANG_WARN_RANGE_LOOP_ANALYSIS = YES;
				CLANG_WARN_STRICT_PROTOTYPES = YES;
				CLANG_WARN_SUSPICIOUS_MOVE = YES;
				CLANG_WARN_UNGUARDED_AVAILABILITY = YES_AGGRESSIVE;
				CLANG_WARN_UNREACHABLE_CODE = YES;
				CLANG_WARN__DUPLICATE_METHOD_MATCH = YES;
				CODE_SIGN_IDENTITY = "iPhone Developer";
				COPY_PHASE_STRIP = NO;
				DEBUG_INFORMATION_FORMAT = dwarf;
				ENABLE_STRICT_OBJC_MSGSEND = YES;
				ENABLE_TESTABILITY = YES;
				GCC_C_LANGUAGE_STANDARD = gnu11;
				GCC_DYNAMIC_NO_PIC = NO;
				GCC_NO_COMMON_BLOCKS = YES;
				GCC_OPTIMIZATION_LEVEL = 0;
				GCC_PREPROCESSOR_DEFINITIONS = (
					"DEBUG=1",
					"$(inherited)",
				);
				GCC_WARN_64_TO_32_BIT_CONVERSION = YES;
				GCC_WARN_ABOUT_RETURN_TYPE = YES_ERROR;
				GCC_WARN_UNDECLARED_SELECTOR = YES;
				GCC_WARN_UNINITIALIZED_AUTOS = YES_AGGRESSIVE;
				GCC_WARN_UNUSED_FUNCTION = YES;
				GCC_WARN_UNUSED_VARIABLE = YES;
				IPHONEOS_DEPLOYMENT_TARGET = 11.2;
				MTL_ENABLE_DEBUG_INFO = YES;
				ONLY_ACTIVE_ARCH = YES;
				SDKROOT = iphoneos;
			};
			name = Debug;
		};
		C76D2CF8202D3CCD000A3B71 /* Release */ = {
			isa = XCBuildConfiguration;
			buildSettings = {
				ALWAYS_SEARCH_USER_PATHS = NO;
				CLANG_ANALYZER_NONNULL = YES;
				CLANG_ANALYZER_NUMBER_OBJECT_CONVERSION = YES_AGGRESSIVE;
				CLANG_CXX_LANGUAGE_STANDARD = "gnu++14";
				CLANG_CXX_LIBRARY = "libc++";
				CLANG_ENABLE_MODULES = YES;
				CLANG_ENABLE_OBJC_ARC = YES;
				CLANG_WARN_BLOCK_CAPTURE_AUTORELEASING = YES;
				CLANG_WARN_BOOL_CONVERSION = YES;
				CLANG_WARN_COMMA = YES;
				CLANG_WARN_CONSTANT_CONVERSION = YES;
				CLANG_WARN_DIRECT_OBJC_ISA_USAGE = YES_ERROR;
				CLANG_WARN_DOCUMENTATION_COMMENTS = YES;
				CLANG_WARN_EMPTY_BODY = YES;
				CLANG_WARN_ENUM_CONVERSION = YES;
				CLANG_WARN_INFINITE_RECURSION = YES;
				CLANG_WARN_INT_CONVERSION = YES;
				CLANG_WARN_NON_LITERAL_NULL_CONVERSION = YES;
				CLANG_WARN_OBJC_LITERAL_CONVERSION = YES;
				CLANG_WARN_OBJC_ROOT_CLASS = YES_ERROR;
				CLANG_WARN_RANGE_LOOP_ANALYSIS = YES;
				CLANG_WARN_STRICT_PROTOTYPES = YES;
				CLANG_WARN_SUSPICIOUS_MOVE = YES;
				CLANG_WARN_UNGUARDED_AVAILABILITY = YES_AGGRESSIVE;
				CLANG_WARN_UNREACHABLE_CODE = YES;
				CLANG_WARN__DUPLICATE_METHOD_MATCH = YES;
				CODE_SIGN_IDENTITY = "iPhone Developer";
				COPY_PHASE_STRIP = NO;
				DEBUG_INFORMATION_FORMAT = "dwarf-with-dsym";
				ENABLE_NS_ASSERTIONS = NO;
				ENABLE_STRICT_OBJC_MSGSEND = YES;
				GCC_C_LANGUAGE_STANDARD = gnu11;
				GCC_NO_COMMON_BLOCKS = YES;
				GCC_WARN_64_TO_32_BIT_CONVERSION = YES;
				GCC_WARN_ABOUT_RETURN_TYPE = YES_ERROR;
				GCC_WARN_UNDECLARED_SELECTOR = YES;
				GCC_WARN_UNINITIALIZED_AUTOS = YES_AGGRESSIVE;
				GCC_WARN_UNUSED_FUNCTION = YES;
				GCC_WARN_UNUSED_VARIABLE = YES;
				IPHONEOS_DEPLOYMENT_TARGET = 11.2;
				MTL_ENABLE_DEBUG_INFO = NO;
				SDKROOT = iphoneos;
				VALIDATE_PRODUCT = YES;
			};
			name = Release;
		};
		C76D2CFA202D3CCD000A3B71 /* Debug */ = {
			isa = XCBuildConfiguration;
			buildSettings = {
				ASSETCATALOG_COMPILER_APPICON_NAME = AppIcon;
				CODE_SIGN_STYLE = Automatic;
				INFOPLIST_FILE = ZBDownMenuView/Info.plist;
				IPHONEOS_DEPLOYMENT_TARGET = 9.0;
				LD_RUNPATH_SEARCH_PATHS = "$(inherited) @executable_path/Frameworks";
				PRODUCT_BUNDLE_IDENTIFIER = com.zhou.ZBDownMenuView;
				PRODUCT_NAME = "$(TARGET_NAME)";
				TARGETED_DEVICE_FAMILY = "1,2";
			};
			name = Debug;
		};
		C76D2CFB202D3CCD000A3B71 /* Release */ = {
			isa = XCBuildConfiguration;
			buildSettings = {
				ASSETCATALOG_COMPILER_APPICON_NAME = AppIcon;
				CODE_SIGN_STYLE = Automatic;
				INFOPLIST_FILE = ZBDownMenuView/Info.plist;
				IPHONEOS_DEPLOYMENT_TARGET = 9.0;
				LD_RUNPATH_SEARCH_PATHS = "$(inherited) @executable_path/Frameworks";
				PRODUCT_BUNDLE_IDENTIFIER = com.zhou.ZBDownMenuView;
				PRODUCT_NAME = "$(TARGET_NAME)";
				TARGETED_DEVICE_FAMILY = "1,2";
			};
			name = Release;
		};
/* End XCBuildConfiguration section */

/* Begin XCConfigurationList section */
		C76D2CDE202D3CCC000A3B71 /* Build configuration list for PBXProject "ZBDownMenuView" */ = {
			isa = XCConfigurationList;
			buildConfigurations = (
				C76D2CF7202D3CCD000A3B71 /* Debug */,
				C76D2CF8202D3CCD000A3B71 /* Release */,
			);
			defaultConfigurationIsVisible = 0;
			defaultConfigurationName = Release;
		};
		C76D2CF9202D3CCD000A3B71 /* Build configuration list for PBXNativeTarget "ZBDownMenuView" */ = {
			isa = XCConfigurationList;
			buildConfigurations = (
				C76D2CFA202D3CCD000A3B71 /* Debug */,
				C76D2CFB202D3CCD000A3B71 /* Release */,
			);
			defaultConfigurationIsVisible = 0;
			defaultConfigurationName = Release;
		};
/* End XCConfigurationList section */
	};
	rootObject = C76D2CDB202D3CCC000A3B71 /* Project object */;
}
